<?xml version="1.0" encoding="utf-8"?>
<Project ToolsVersion="4.0" xmlns="http://schemas.microsoft.com/developer/msbuild/2003">
  <ItemGroup>
    <Filter Include="Source Files">
      <UniqueIdentifier>{4FC737F1-C7A5-4376-A066-2A32D752A2FF}</UniqueIdentifier>
      <Extensions>cpp;c;cc;cxx;def;odl;idl;hpj;bat;asm;asmx</Extensions>
    </Filter>
    <Filter Include="Header Files">
      <UniqueIdentifier>{93995380-89BD-4b04-88EB-625FBE52EBFB}</UniqueIdentifier>
      <Extensions>h;hpp;hxx;hm;inl;inc;xsd</Extensions>
    </Filter>
    <Filter Include="Resource Files">
      <UniqueIdentifier>{67DA6AB6-F800-4c08-8B7A-83BB121AAD01}</UniqueIdentifier>
      <Extensions>rc;ico;cur;bmp;dlg;rc2;rct;bin;rgs;gif;jpg;jpeg;jpe;resx;tiff;tif;png;wav;mfcribbon-ms</Extensions>
    </Filter>
  </ItemGroup>
  <ItemGroup>
    <ClInclude Include="resource.h">
      <Filter>Header Files</Filter>
    </ClInclude>
    <ClInclude Include="stdafx.h">
      <Filter>Header Files</Filter>
    </ClInclude>
    <ClInclude Include="dllwrap.h">
      <Filter>Header Files</Filter>
    </ClInclude>
    <ClInclude Include="hid.h">
      <Filter>Header Files</Filter>
    </ClInclude>
    <ClInclude Include="wht_dialog.h">
      <Filter>Header Files</Filter>
    </ClInclude>
    <ClInclude Include="..\dongle\reports.h">
      <Filter>Header Files</Filter>
    </ClInclude>
    <ClInclude Include="my_win.h">
      <Filter>Header Files</Filter>
    </ClInclude>
    <ClInclude Include="my_utils.h">
      <Filter>Header Files</Filter>
    </ClInclude>
    <ClInclude Include="d3d.h">
      <Filter>Header Files</Filter>
    </ClInclude>
    <ClInclude Include="d3d_objects.h">
      <Filter>Header Files</Filter>
    </ClInclude>
    <ClInclude Include="wht_dongle.h">
      <Filter>Header Files</Filter>
    </ClInclude>
    <ClInclude Include="mag_calib_dialog.h">
      <Filter>Header Files</Filter>
    </ClInclude>
    <ClInclude Include="Point.h">
      <Filter>Header Files</Filter>
    </ClInclude>
    <ClInclude Include="EllipsoidFit.h">
      <Filter>Header Files</Filter>
    </ClInclude>
    <ClInclude Include="raw_input.h">
      <Filter>Header Files</Filter>
    </ClInclude>
    <ClInclude Include="gyro_accel_dialog.h">
      <Filter>Header Files</Filter>
    </ClInclude>
    <ClInclude Include="my_d3dx.h">
      <Filter>Header Files</Filter>
    </ClInclude>
    <ClInclude Include="custom_curves.h">
      <Filter>Header Files</Filter>
    </ClInclude>
  </ItemGroup>
  <ItemGroup>
    <ResourceCompile Include="WHTConfig.rc">
      <Filter>Resource Files</Filter>
    </ResourceCompile>
  </ItemGroup>
  <ItemGroup>
    <ClCompile Include="main.cpp">
      <Filter>Source Files</Filter>
    </ClCompile>
    <ClCompile Include="stdafx.cpp">
      <Filter>Source Files</Filter>
    </ClCompile>
    <ClCompile Include="hid.cpp">
      <Filter>Source Files</Filter>
    </ClCompile>
    <ClCompile Include="wht_dialog.cpp">
      <Filter>Source Files</Filter>
    </ClCompile>
    <ClCompile Include="my_win.cpp">
      <Filter>Source Files</Filter>
    </ClCompile>
    <ClCompile Include="my_utils.cpp">
      <Filter>Source Files</Filter>
    </ClCompile>
    <ClCompile Include="d3d.cpp">
      <Filter>Source Files</Filter>
    </ClCompile>
    <ClCompile Include="d3d_objects.cpp">
      <Filter>Source Files</Filter>
    </ClCompile>
    <ClCompile Include="wht_dongle.cpp">
      <Filter>Source Files</Filter>
    </ClCompile>
    <ClCompile Include="mag_calib_dialog.cpp">
      <Filter>Source Files</Filter>
    </ClCompile>
    <ClCompile Include="EllipsoidFit.cpp">
      <Filter>Source Files</Filter>
    </ClCompile>
    <ClCompile Include="raw_input.cpp">
      <Filter>Source Files</Filter>
    </ClCompile>
    <ClCompile Include="gyro_accel_dialog.cpp">
      <Filter>Source Files</Filter>
    </ClCompile>
    <ClCompile Include="my_d3dx.cpp">
      <Filter>Source Files</Filter>
    </ClCompile>
    <ClCompile Include="custom_curves.cpp">
      <Filter>Source Files</Filter>
    </ClCompile>
  </ItemGroup>
  <ItemGroup>
    <None Include="icons\icon.ico">
      <Filter>Resource Files</Filter>
    </None>
    <None Include="icons\magnet.ico">
      <Filter>Resource Files</Filter>
    </None>
    <None Include="icons\gyro.ico">
      <Filter>Resource Files</Filter>
    </None>
    <None Include="icons\app_icon.ico">
      <Filter>Resource Files</Filter>
    </None>
    <None Include="icons\wave1.bin">
      <Filter>Resource Files</Filter>
    </None>
    <None Include="sounds\beep-07.wav">
      <Filter>Resource Files</Filter>
    </None>
  </ItemGroup>
</Project>